
Microsoft Visual Studio Solution File, Format Version 12.00
# Visual Studio Version 16
VisualStudioVersion = 16.0.29905.134
MinimumVisualStudioVersion = 10.0.40219.1
Project("{FAE04EC0-301F-11D3-BF4B-00C04F79EFBC}") = "UsbViewer", "UsbViewer\UsbViewer.csproj", "{B2C57327-1BBF-4B6D-875B-766BBB029DDC}"
EndProject
Global
	GlobalSection(SolutionConfigurationPlatforms) = preSolution
		Debug|Any CPU = Debug|Any CPU
		Release|Any CPU = Release|Any CPU
	EndGlobalSection
	GlobalSection(ProjectConfigurationPlatforms) = postSolution
		{B2C57327-1BBF-4B6D-875B-766BBB029DDC}.Debug|Any CPU.ActiveCfg = Debug|Any CPU
		{B2C57327-1BBF-4B6D-875B-766BBB029DDC}.Debug|Any CPU.Build.0 = Debug|Any CPU
		{B2C57327-1BBF-4B6D-875B-766BBB029DDC}.Release|Any CPU.ActiveCfg = Release|Any CPU
		{B2C57327-1BBF-4B6D-875B-766BBB029DDC}.Release|Any CPU.Build.0 = Release|Any CPU
	EndGlobalSection
	GlobalSection(SolutionProperties) = preSolution
		HideSolutionNode = FALSE
	EndGlobalSection
	GlobalSection(ExtensibilityGlobals) = postSolution
		SolutionGuid = {8D020FD1-443C-4281-88A2-65B502AE7688}
	EndGlobalSection
EndGlobal
